
Microsoft Visual Studio Solution File, Format Version 12.00
# Visual Studio Version 17
VisualStudioVersion = 17.1.32328.378
MinimumVisualStudioVersion = 10.0.40219.1
Project("{FAE04EC0-301F-11D3-BF4B-00C04F79EFBC}") = "SICPA_Challenge", "SICPA_Challenge\SICPA_Challenge.csproj", "{4A3E89BB-0397-4E76-AB23-9437EAF4A389}"
EndProject
Global
	GlobalSection(SolutionConfigurationPlatforms) = preSolution
		Debug|Any CPU = Debug|Any CPU
		Release|Any CPU = Release|Any CPU
	EndGlobalSection
	GlobalSection(ProjectConfigurationPlatforms) = postSolution
		{4A3E89BB-0397-4E76-AB23-9437EAF4A389}.Debug|Any CPU.ActiveCfg = Debug|Any CPU
		{4A3E89BB-0397-4E76-AB23-9437EAF4A389}.Debug|Any CPU.Build.0 = Debug|Any CPU
		{4A3E89BB-0397-4E76-AB23-9437EAF4A389}.Release|Any CPU.ActiveCfg = Release|Any CPU
		{4A3E89BB-0397-4E76-AB23-9437EAF4A389}.Release|Any CPU.Build.0 = Release|Any CPU
	EndGlobalSection
	GlobalSection(SolutionProperties) = preSolution
		HideSolutionNode = FALSE
	EndGlobalSection
	GlobalSection(ExtensibilityGlobals) = postSolution
		SolutionGuid = {0F23634C-9A31-4EFB-9994-A77ACDE3F26F}
	EndGlobalSection
EndGlobal
